
Microsoft Visual Studio Solution File, Format Version 12.00
# Visual Studio Version 16
VisualStudioVersion = 16.0.30804.86
MinimumVisualStudioVersion = 10.0.40219.1
Project("{2150E333-8FDC-42A3-9474-1A3956D46DE8}") = "01.CL.WebApi", "01.CL.WebApi", "{3755031A-823E-4340-BD01-54AD2EB2101C}"
EndProject
Project("{2150E333-8FDC-42A3-9474-1A3956D46DE8}") = "02.CL.Manager", "02.CL.Manager", "{3E5E117B-5561-41CB-9834-E2FB937D0A23}"
EndProject
Project("{2150E333-8FDC-42A3-9474-1A3956D46DE8}") = "03.CL.Data", "03.CL.Data", "{B1872D77-3248-498D-B2C9-235C1FB98B6F}"
EndProject
Project("{2150E333-8FDC-42A3-9474-1A3956D46DE8}") = "04.CL.Core", "04.CL.Core", "{7B7912DE-AA04-4777-BB03-5584C358E7F9}"
EndProject
Project("{2150E333-8FDC-42A3-9474-1A3956D46DE8}") = "05.CL.Tests", "05.CL.Tests", "{719B75B8-5C37-4EB4-B4B5-449E6CB85A11}"
EndProject
Project("{9A19103F-16F7-4668-BE54-9A1E7A4F7556}") = "CL.WebApi", "CL.WebApi\CL.WebApi.csproj", "{945CBD54-2786-4DDF-8026-EBF0BCE5566D}"
EndProject
Project("{9A19103F-16F7-4668-BE54-9A1E7A4F7556}") = "CL.Manager", "CL.Manager\CL.Manager.csproj", "{D14B300E-3DE1-445D-96F7-BFAF2FB406AA}"
EndProject
Project("{9A19103F-16F7-4668-BE54-9A1E7A4F7556}") = "CL.Data", "CL.Data\CL.Data.csproj", "{0B9566EF-4E81-4427-99C1-422B692AFF02}"
EndProject
Project("{9A19103F-16F7-4668-BE54-9A1E7A4F7556}") = "CL.Core", "CL.Core\CL.Core.csproj", "{87092058-FCB5-4460-A1A8-142F1E440D84}"
EndProject
Project("{9A19103F-16F7-4668-BE54-9A1E7A4F7556}") = "CL.Core.Shared", "CL.Core.Shared\CL.Core.Shared.csproj", "{DBF4211D-AF8A-464A-9928-171F587D3293}"
EndProject
Project("{9A19103F-16F7-4668-BE54-9A1E7A4F7556}") = "CL.WebApi.Tests", "CL.WebApi.Tests\CL.WebApi.Tests.csproj", "{E4FA51A7-C76D-407C-BBC9-026C5E44DAEF}"
EndProject
Project("{9A19103F-16F7-4668-BE54-9A1E7A4F7556}") = "CL.FakeData", "CL.FakeData\CL.FakeData.csproj", "{4F25AACE-DAFD-401E-BF40-D16791AFB020}"
EndProject
Project("{9A19103F-16F7-4668-BE54-9A1E7A4F7556}") = "CL.Manager.Tests", "CL.Manager.Tests\CL.Manager.Tests.csproj", "{A1B7F49C-B6F9-48BE-BF0C-C5F613407E69}"
EndProject
Project("{9A19103F-16F7-4668-BE54-9A1E7A4F7556}") = "CL.Repository.Tests", "CL.Repository.Tests\CL.Repository.Tests.csproj", "{56EA5C6F-3655-47E9-A216-5010D77E646C}"
EndProject
Project("{2150E333-8FDC-42A3-9474-1A3956D46DE8}") = "Solution Items", "Solution Items", "{B71ED1C1-CF36-4CBB-8A85-6386C4C3FE6C}"
	ProjectSection(SolutionItems) = preProject
		README.md = README.md
	EndProjectSection
EndProject
Global
	GlobalSection(SolutionConfigurationPlatforms) = preSolution
		Debug|Any CPU = Debug|Any CPU
		Release|Any CPU = Release|Any CPU
	EndGlobalSection
	GlobalSection(ProjectConfigurationPlatforms) = postSolution
		{945CBD54-2786-4DDF-8026-EBF0BCE5566D}.Debug|Any CPU.ActiveCfg = Debug|Any CPU
		{945CBD54-2786-4DDF-8026-EBF0BCE5566D}.Debug|Any CPU.Build.0 = Debug|Any CPU
		{945CBD54-2786-4DDF-8026-EBF0BCE5566D}.Release|Any CPU.ActiveCfg = Release|Any CPU
		{945CBD54-2786-4DDF-8026-EBF0BCE5566D}.Release|Any CPU.Build.0 = Release|Any CPU
		{D14B300E-3DE1-445D-96F7-BFAF2FB406AA}.Debug|Any CPU.ActiveCfg = Debug|Any CPU
		{D14B300E-3DE1-445D-96F7-BFAF2FB406AA}.Debug|Any CPU.Build.0 = Debug|Any CPU
		{D14B300E-3DE1-445D-96F7-BFAF2FB406AA}.Release|Any CPU.ActiveCfg = Release|Any CPU
		{D14B300E-3DE1-445D-96F7-BFAF2FB406AA}.Release|Any CPU.Build.0 = Release|Any CPU
		{0B9566EF-4E81-4427-99C1-422B692AFF02}.Debug|Any CPU.ActiveCfg = Debug|Any CPU
		{0B9566EF-4E81-4427-99C1-422B692AFF02}.Debug|Any CPU.Build.0 = Debug|Any CPU
		{0B9566EF-4E81-4427-99C1-422B692AFF02}.Release|Any CPU.ActiveCfg = Release|Any CPU
		{0B9566EF-4E81-4427-99C1-422B692AFF02}.Release|Any CPU.Build.0 = Release|Any CPU
		{87092058-FCB5-4460-A1A8-142F1E440D84}.Debug|Any CPU.ActiveCfg = Debug|Any CPU
		{87092058-FCB5-4460-A1A8-142F1E440D84}.Debug|Any CPU.Build.0 = Debug|Any CPU
		{87092058-FCB5-4460-A1A8-142F1E440D84}.Release|Any CPU.ActiveCfg = Release|Any CPU
		{87092058-FCB5-4460-A1A8-142F1E440D84}.Release|Any CPU.Build.0 = Release|Any CPU
		{DBF4211D-AF8A-464A-9928-171F587D3293}.Debug|Any CPU.ActiveCfg = Debug|Any CPU
		{DBF4211D-AF8A-464A-9928-171F587D3293}.Debug|Any CPU.Build.0 = Debug|Any CPU
		{DBF4211D-AF8A-464A-9928-171F587D3293}.Release|Any CPU.ActiveCfg = Release|Any CPU
		{DBF4211D-AF8A-464A-9928-171F587D3293}.Release|Any CPU.Build.0 = Release|Any CPU
		{E4FA51A7-C76D-407C-BBC9-026C5E44DAEF}.Debug|Any CPU.ActiveCfg = Debug|Any CPU
		{E4FA51A7-C76D-407C-BBC9-026C5E44DAEF}.Debug|Any CPU.Build.0 = Debug|Any CPU
		{E4FA51A7-C76D-407C-BBC9-026C5E44DAEF}.Release|Any CPU.ActiveCfg = Release|Any CPU
		{E4FA51A7-C76D-407C-BBC9-026C5E44DAEF}.Release|Any CPU.Build.0 = Release|Any CPU
		{4F25AACE-DAFD-401E-BF40-D16791AFB020}.Debug|Any CPU.ActiveCfg = Debug|Any CPU
		{4F25AACE-DAFD-401E-BF40-D16791AFB020}.Debug|Any CPU.Build.0 = Debug|Any CPU
		{4F25AACE-DAFD-401E-BF40-D16791AFB020}.Release|Any CPU.ActiveCfg = Release|Any CPU
		{4F25AACE-DAFD-401E-BF40-D16791AFB020}.Release|Any CPU.Build.0 = Release|Any CPU
		{A1B7F49C-B6F9-48BE-BF0C-C5F613407E69}.Debug|Any CPU.ActiveCfg = Debug|Any CPU
		{A1B7F49C-B6F9-48BE-BF0C-C5F613407E69}.Debug|Any CPU.Build.0 = Debug|Any CPU
		{A1B7F49C-B6F9-48BE-BF0C-C5F613407E69}.Release|Any CPU.ActiveCfg = Release|Any CPU
		{A1B7F49C-B6F9-48BE-BF0C-C5F613407E69}.Release|Any CPU.Build.0 = Release|Any CPU
		{56EA5C6F-3655-47E9-A216-5010D77E646C}.Debug|Any CPU.ActiveCfg = Debug|Any CPU
		{56EA5C6F-3655-47E9-A216-5010D77E646C}.Debug|Any CPU.Build.0 = Debug|Any CPU
		{56EA5C6F-3655-47E9-A216-5010D77E646C}.Release|Any CPU.ActiveCfg = Release|Any CPU
		{56EA5C6F-3655-47E9-A216-5010D77E646C}.Release|Any CPU.Build.0 = Release|Any CPU
	EndGlobalSection
	GlobalSection(SolutionProperties) = preSolution
		HideSolutionNode = FALSE
	EndGlobalSection
	GlobalSection(NestedProjects) = preSolution
		{945CBD54-2786-4DDF-8026-EBF0BCE5566D} = {3755031A-823E-4340-BD01-54AD2EB2101C}
		{D14B300E-3DE1-445D-96F7-BFAF2FB406AA} = {3E5E117B-5561-41CB-9834-E2FB937D0A23}
		{0B9566EF-4E81-4427-99C1-422B692AFF02} = {B1872D77-3248-498D-B2C9-235C1FB98B6F}
		{87092058-FCB5-4460-A1A8-142F1E440D84} = {7B7912DE-AA04-4777-BB03-5584C358E7F9}
		{DBF4211D-AF8A-464A-9928-171F587D3293} = {7B7912DE-AA04-4777-BB03-5584C358E7F9}
		{E4FA51A7-C76D-407C-BBC9-026C5E44DAEF} = {719B75B8-5C37-4EB4-B4B5-449E6CB85A11}
		{4F25AACE-DAFD-401E-BF40-D16791AFB020} = {719B75B8-5C37-4EB4-B4B5-449E6CB85A11}
		{A1B7F49C-B6F9-48BE-BF0C-C5F613407E69} = {719B75B8-5C37-4EB4-B4B5-449E6CB85A11}
		{56EA5C6F-3655-47E9-A216-5010D77E646C} = {719B75B8-5C37-4EB4-B4B5-449E6CB85A11}
	EndGlobalSection
	GlobalSection(ExtensibilityGlobals) = postSolution
		SolutionGuid = {A0BF88C0-49C0-4AA9-8FBB-EE57633EF8EB}
	EndGlobalSection
EndGlobal
